{
  "name": "Web",
  "lockfileVersion": 2,
  "requires": true,
  "packages": {
    "node_modules/subsink": {
      "version": "1.0.1",
      "resolved": "https://registry.npmjs.org/subsink/-/subsink-1.0.1.tgz",
      "integrity": "sha512-WtsWee/fOtrJat2aKGRF4X36kvjsv8wdcSKWcAxYUPgww5TYHPU+Jro9hu2YJKynl607V97Nc+plGXyWrLqhNQ=="
    }
  },
  "dependencies": {
    "subsink": {
      "version": "https://registry.npmjs.org/subsink/-/subsink-1.0.1.tgz",
      "integrity": "sha512-WtsWee/fOtrJat2aKGRF4X36kvjsv8wdcSKWcAxYUPgww5TYHPU+Jro9hu2YJKynl607V97Nc+plGXyWrLqhNQ=="
    }
  }
}
